
Microsoft Visual Studio Solution File, Format Version 12.00
# Visual Studio Version 17
VisualStudioVersion = 17.0.31612.314
MinimumVisualStudioVersion = 10.0.40219.1
Project("{9A19103F-16F7-4668-BE54-9A1E7A4F7556}") = "ForeSins.App", "ForeSins.App\ForeSins.App.csproj", "{F586E7D7-072E-4033-BA63-9C068E1CD3F4}"
EndProject
Global
	GlobalSection(SolutionConfigurationPlatforms) = preSolution
		Debug|Any CPU = Debug|Any CPU
		Release|Any CPU = Release|Any CPU
	EndGlobalSection
	GlobalSection(ProjectConfigurationPlatforms) = postSolution
		{F586E7D7-072E-4033-BA63-9C068E1CD3F4}.Debug|Any CPU.ActiveCfg = Debug|Any CPU
		{F586E7D7-072E-4033-BA63-9C068E1CD3F4}.Debug|Any CPU.Build.0 = Debug|Any CPU
		{F586E7D7-072E-4033-BA63-9C068E1CD3F4}.Release|Any CPU.ActiveCfg = Release|Any CPU
		{F586E7D7-072E-4033-BA63-9C068E1CD3F4}.Release|Any CPU.Build.0 = Release|Any CPU
	EndGlobalSection
	GlobalSection(SolutionProperties) = preSolution
		HideSolutionNode = FALSE
	EndGlobalSection
	GlobalSection(ExtensibilityGlobals) = postSolution
		SolutionGuid = {7F8C885B-D01F-41C5-8741-66914C46A8DA}
	EndGlobalSection
EndGlobal
